github.com/knqyf263/go-deb-version v0.0.0-20241115132648-6f4aee6ccd23 h1:dWzdsqjh1p2gNtRKqNwuBvKqMNwnLOPLzVZT1n6DK7s=
github.com/knqyf263/go-deb-version v0.0.0-20241115132648-6f4aee6ccd23/go.mod h1:lUaIXCWzf7BRKTY5iEcrYy1TfgbYLYVIS/B2vPkJzOc=
github.com/knqyf263/go-rpm-version v0.0.0-20240918084003-2afd7dc6a38f h1:xt29M2T6STgldg+WEP51gGePQCsQvklmP2eIhPIBK3g=
github.com/knqyf263/go-rpm-version v0.0.0-20240918084003-2afd7dc6a38f/go.mod h1:i4sF0l1fFnY1aiw08QQSwVAFxHEm311Me3WsU/X7nL0=
github.com/williamsouzadelima/suricatoos-infra/correlation v0.0.0-20260628203842-4b1bb81e8d99 h1:XK+9i243x2x7KJrAOzteqdr6vMgEhU/KokbVIJfz+Go=
github.com/williamsouzadelima/suricatoos-infra/correlation v0.0.0-20260628203842-4b1bb81e8d99/go.mod h1:xoybrpG5OesYTyIjplUz4FCEKRCFxDdpqH37Zar8Ek4=
